
Microsoft Visual Studio Solution File, Format Version 12.00
# Visual Studio 15
VisualStudioVersion = 15.0.28307.106
MinimumVisualStudioVersion = 10.0.40219.1
Project("{9A19103F-16F7-4668-BE54-9A1E7A4F7556}") = "chat", "chat.csproj", "{0CE36B05-AB9D-47F4-BF83-6FADEC62F71B}"
EndProject
Global
	GlobalSection(SolutionConfigurationPlatforms) = preSolution
		Debug|Any CPU = Debug|Any CPU
		Release|Any CPU = Release|Any CPU
	EndGlobalSection
	GlobalSection(ProjectConfigurationPlatforms) = postSolution
		{0CE36B05-AB9D-47F4-BF83-6FADEC62F71B}.Debug|Any CPU.ActiveCfg = Debug|Any CPU
		{0CE36B05-AB9D-47F4-BF83-6FADEC62F71B}.Debug|Any CPU.Build.0 = Debug|Any CPU
		{0CE36B05-AB9D-47F4-BF83-6FADEC62F71B}.Release|Any CPU.ActiveCfg = Release|Any CPU
		{0CE36B05-AB9D-47F4-BF83-6FADEC62F71B}.Release|Any CPU.Build.0 = Release|Any CPU
	EndGlobalSection
	GlobalSection(SolutionProperties) = preSolution
		HideSolutionNode = FALSE
	EndGlobalSection
	GlobalSection(ExtensibilityGlobals) = postSolution
		SolutionGuid = {0DD4075C-4DD4-4332-A8BA-7B051AC06EC2}
	EndGlobalSection
EndGlobal
